# This file is autogenerated, do not edit; changes may be undone by the next 'dep ensure'.


[[projects]]
  digest = "1:a8d622a8049a4aa420e1c509873bb85d4c45c5107f420d922f919bfcb8d08694"
  name = "github.com/beevik/ntp"
  packages = ["."]
  pruneopts = "UT"
  revision = "62c80a04de2086884d8296004b6d74ee1846c582"
  version = "v0.2.0"

[[projects]]
  digest = "1:1c70b4d7285f792bd387c1adac08825715147fa210b3d2826ffd2bf56be9455b"
  name = "github.com/go-chi/chi"
  packages = ["."]
  pruneopts = "UT"
  revision = "da24bba8dcd4021cafac38724bf10dccc97c3e36"
  version = "v4.0.2"

[[projects]]
  digest = "1:476eae9bf1fa489dd056612cf4a86fc54a01f00f7903431ff870a4f54e20a499"
  name = "github.com/mattn/go-sqlite3"
  packages = ["."]
  pruneopts = "UT"
  revision = "6f2749a3ca9b233ffb8749ef9684f7f4d88cee7a"

[[projects]]
  digest = "1:cf31692c14422fa27c83a05292eb5cbe0fb2775972e8f1f8446a71549bd8980b"
  name = "github.com/pkg/errors"
  packages = ["."]
  pruneopts = "UT"
  revision = "ba968bfe8b2f7e042a574c888954fccecfa385b4"
  version = "v0.8.1"

[[projects]]
  digest = "1:7d99649602f68b73ade640ca6975ccc38735f329e159c6a507b63f00213678c0"
  name = "github.com/pressly/goose"
  packages = ["."]
  pruneopts = "UT"
  revision = "e4b98955473e91a12fc7d8816c28d06376d1d92c"
  version = "v2.6.0"

[[projects]]
  digest = "1:95100f4ac20072567aa10607f61c66ff28965659f77f6ba807bd875a685710d9"
  name = "golang.org/x/crypto"
  packages = [
    "bcrypt",
    "blowfish",
  ]
  pruneopts = "UT"
  revision = "f6b343c37ca80bfa8ea539da67a0b621f84fab1d"

[[projects]]
  digest = "1:80804ce087da2ac7a6805172041a1ec77ec5f9e313807677c76fdb2161409c9d"
  name = "golang.org/x/net"
  packages = [
    "bpf",
    "context",
    "internal/iana",
    "internal/netreflect",
    "ipv4",
  ]
  pruneopts = "UT"
  revision = "905989bd20b7c354fd28a61074eed1c8f49ebc89"

[solve-meta]
  analyzer-name = "dep"
  analyzer-version = 1
  input-imports = [
    "github.com/beevik/ntp",
    "github.com/go-chi/chi",
    "github.com/mattn/go-sqlite3",
    "github.com/pressly/goose",
    "golang.org/x/crypto/bcrypt",
  ]
  solver-name = "gps-cdcl"
  solver-version = 1
